// !$*UTF8*$!
{ archiveVersion = 1; classes = { }; objectVersion = 56; objects = {
/* PBXBuildFile */ A10000000000000000000001 /* AppDelegate.swift in Sources */ = {isa = PBXBuildFile; fileRef = B10000000000000000000001; }; A10000000000000000000002 /* SceneDelegate.swift in Sources */ = {isa = PBXBuildFile; fileRef = B10000000000000000000002; }; A10000000000000000000003 /* CameraMonitorViewController.swift in Sources */ = {isa = PBXBuildFile; fileRef = B10000000000000000000003; }; A10000000000000000000004 /* VirtualCameraSource.swift in Sources */ = {isa = PBXBuildFile; fileRef = B10000000000000000000004; };
/* PBXFileReference */ B10000000000000000000001 /* AppDelegate.swift */ = {isa = PBXFileReference; lastKnownFileType = sourcecode.swift; path = AppDelegate.swift; sourceTree = "<group>"; }; B10000000000000000000002 /* SceneDelegate.swift */ = {isa = PBXFileReference; lastKnownFileType = sourcecode.swift; path = SceneDelegate.swift; sourceTree = "<group>"; }; B10000000000000000000003 /* CameraMonitorViewController.swift */ = {isa = PBXFileReference; lastKnownFileType = sourcecode.swift; path = CameraMonitorViewController.swift; sourceTree = "<group>"; }; B10000000000000000000004 /* VirtualCameraSource.swift */ = {isa = PBXFileReference; lastKnownFileType = sourcecode.swift; path = VirtualCameraSource.swift; sourceTree = "<group>"; }; B10000000000000000000005 /* Info.plist */ = {isa = PBXFileReference; lastKnownFileType = text.plist.xml; path = Info.plist; sourceTree = "<group>"; }; B10000000000000000000006 /* NVcam.app */ = {isa = PBXFileReference; explicitFileType = wrapper.application; includeInIndex = 0; path = NVcam.app; sourceTree = BUILT_PRODUCTS_DIR; };
/* PBXFrameworksBuildPhase */ C10000000000000000000001 /* Frameworks */ = { isa = PBXFrameworksBuildPhase; buildActionMask = 2147483647; files = ( ); runOnlyForDeploymentPostprocessing = 0; };
/* PBXGroup */ D10000000000000000000001 = {isa = PBXGroup; children = (D10000000000000000000002, D10000000000000000000003,); sourceTree = "<group>"; }; D10000000000000000000002 /* NVcam */ = {isa = PBXGroup; children = (B10000000000000000000001, B10000000000000000000002, B10000000000000000000003, B10000000000000000000004, B10000000000000000000005,); path = NVcam; sourceTree = "<group>"; }; D10000000000000000000003 /* Products */ = {isa = PBXGroup; children = (B10000000000000000000006,); name = Products; sourceTree = "<group>"; };
/* PBXNativeTarget */ E10000000000000000000001 /* NVcam */ = { isa = PBXNativeTarget; buildConfigurationList = F10000000000000000000002; buildPhases = (C10000000000000000000002, C10000000000000000000001, C10000000000000000000003); buildRules = (); dependencies = (); name = NVcam; productName = NVcam; productReference = B10000000000000000000006; productType = "com.apple.product-type.application"; };
/* PBXProject */ E10000000000000000000002 /* Project object */ = { isa = PBXProject; attributes = {LastUpgradeCheck = 1600; ORGANIZATIONNAME = "NVcam"; TargetAttributes = {E10000000000000000000001 = {CreatedOnToolsVersion = 16.0;};}; }; buildConfigurationList = F10000000000000000000001; compatibilityVersion = "Xcode 14.0"; developmentRegion = en; hasScannedForEncodings = 0; knownRegions = (en, Base,); mainGroup = D10000000000000000000001; productRefGroup = D10000000000000000000003; projectDirPath = ""; projectRoot = ""; targets = (E10000000000000000000001); };
/* PBXResourcesBuildPhase */ C10000000000000000000003 /* Resources */ = { isa = PBXResourcesBuildPhase; buildActionMask = 2147483647; files = ( ); runOnlyForDeploymentPostprocessing = 0; };
/* PBXSourcesBuildPhase */ C10000000000000000000002 /* Sources */ = { isa = PBXSourcesBuildPhase; buildActionMask = 2147483647; files = (A10000000000000000000001, A10000000000000000000002, A10000000000000000000003, A10000000000000000000004,); runOnlyForDeploymentPostprocessing = 0; };
/* XCBuildConfiguration */ F10000000000000000000001 /* Debug */ = { isa = XCBuildConfiguration; buildSettings = {ALWAYS_SEARCH_USER_PATHS = NO; CLANG_ENABLE_MODULES = YES; CODE_SIGNING_ALLOWED = NO; CODE_SIGNING_REQUIRED = NO; IPHONEOS_DEPLOYMENT_TARGET = 15.0; PRODUCT_NAME = "$(TARGET_NAME)"; SWIFT_VERSION = 5.0; TARGETED_DEVICE_FAMILY = 1; }; name = Debug; }; F10000000000000000000002 /* Release */ = { isa = XCBuildConfiguration; buildSettings = {ALWAYS_SEARCH_USER_PATHS = NO; CLANG_ENABLE_MODULES = YES; CODE_SIGNING_ALLOWED = NO; CODE_SIGNING_REQUIRED = NO; IPHONEOS_DEPLOYMENT_TARGET = 15.0; PRODUCT_NAME = "$(TARGET_NAME)"; SWIFT_VERSION = 5.0; TARGETED_DEVICE_FAMILY = 1; }; name = Release; }; F20000000000000000000001 /* Debug */ = { isa = XCBuildConfiguration; buildSettings = {CODE_SIGN_STYLE = Manual; CODE_SIGNING_ALLOWED = NO; CODE_SIGNING_REQUIRED = NO; INFOPLIST_FILE = NVcam/Info.plist; IPHONEOS_DEPLOYMENT_TARGET = 15.0; PRODUCT_BUNDLE_IDENTIFIER = com.example.nvcam; PRODUCT_NAME = "$(TARGET_NAME)"; SWIFT_VERSION = 5.0; TARGETED_DEVICE_FAMILY = 1; }; name = Debug; }; F20000000000000000000002 /* Release */ = { isa = XCBuildConfiguration; buildSettings = {CODE_SIGN_STYLE = Manual; CODE_SIGNING_ALLOWED = NO; CODE_SIGNING_REQUIRED = NO; INFOPLIST_FILE = NVcam/Info.plist; IPHONEOS_DEPLOYMENT_TARGET = 15.0; PRODUCT_BUNDLE_IDENTIFIER = com.example.nvcam; PRODUCT_NAME = "$(TARGET_NAME)"; SWIFT_VERSION = 5.0; TARGETED_DEVICE_FAMILY = 1; }; name = Release; };
/* XCConfigurationList */ F10000000000000000000001 /* Build configuration list for PBXProject "NVcam" */ = { isa = XCConfigurationList; buildConfigurations = (F10000000000000000000001, F10000000000000000000002); defaultConfigurationIsVisible = 0; defaultConfigurationName = Release; }; F10000000000000000000002 /* Build configuration list for PBXNativeTarget "NVcam" */ = { isa = XCConfigurationList; buildConfigurations = (F20000000000000000000001, F20000000000000000000002); defaultConfigurationIsVisible = 0; defaultConfigurationName = Release; };
}; rootObject = E10000000000000000000002;
}
